
Microsoft Visual Studio Solution File, Format Version 12.00
# Visual Studio Version 16
VisualStudioVersion = 16.0.31702.278
MinimumVisualStudioVersion = 10.0.40219.1
Project("{FAE04EC0-301F-11D3-BF4B-00C04F79EFBC}") = "Book_Doctor_appointment", "Book_Doctor_appointment\Book_Doctor_appointment.csproj", "{BE21E2EB-BB56-4AAD-A518-FF802B8AED9A}"
EndProject
Global
	GlobalSection(SolutionConfigurationPlatforms) = preSolution
		Debug|Any CPU = Debug|Any CPU
		Release|Any CPU = Release|Any CPU
	EndGlobalSection
	GlobalSection(ProjectConfigurationPlatforms) = postSolution
		{BE21E2EB-BB56-4AAD-A518-FF802B8AED9A}.Debug|Any CPU.ActiveCfg = Debug|Any CPU
		{BE21E2EB-BB56-4AAD-A518-FF802B8AED9A}.Debug|Any CPU.Build.0 = Debug|Any CPU
		{BE21E2EB-BB56-4AAD-A518-FF802B8AED9A}.Release|Any CPU.ActiveCfg = Release|Any CPU
		{BE21E2EB-BB56-4AAD-A518-FF802B8AED9A}.Release|Any CPU.Build.0 = Release|Any CPU
	EndGlobalSection
	GlobalSection(SolutionProperties) = preSolution
		HideSolutionNode = FALSE
	EndGlobalSection
	GlobalSection(ExtensibilityGlobals) = postSolution
		SolutionGuid = {186882C1-1A79-4CA7-9F10-CB37E5978A92}
	EndGlobalSection
EndGlobal
